{
  "name": "DEVWEDOSITE",
  "lockfileVersion": 2,
  "requires": true,
  "packages": {
    "": {
      "dependencies": {
        "pattern.css": "^1.0.0",
        "three": "^0.139.0"
      }
    },
    "node_modules/pattern.css": {
      "version": "1.0.0",
      "resolved": "https://registry.npmjs.org/pattern.css/-/pattern.css-1.0.0.tgz",
      "integrity": "sha512-2bW2rCCdLGgvJPpiSJGrg44onxRWTMQpn6tooAayomsCHiso3nehlp5OugNYHSXxYuFfQ1vtDXtGbq6H206qLw=="
    },
    "node_modules/three": {
      "version": "0.139.0",
      "resolved": "https://registry.npmjs.org/three/-/three-0.139.0.tgz",
      "integrity": "sha512-hZ4LkCjgoEM82WLaOVptDKGpB3SkEyuJP2OHe36AFO8hS2I6CrEiNanXj7wwR3wIPT7V5wi5Y5pFnncS5SVHgQ=="
    }
  },
  "dependencies": {
    "pattern.css": {
      "version": "1.0.0",
      "resolved": "https://registry.npmjs.org/pattern.css/-/pattern.css-1.0.0.tgz",
      "integrity": "sha512-2bW2rCCdLGgvJPpiSJGrg44onxRWTMQpn6tooAayomsCHiso3nehlp5OugNYHSXxYuFfQ1vtDXtGbq6H206qLw=="
    },
    "three": {
      "version": "0.139.0",
      "resolved": "https://registry.npmjs.org/three/-/three-0.139.0.tgz",
      "integrity": "sha512-hZ4LkCjgoEM82WLaOVptDKGpB3SkEyuJP2OHe36AFO8hS2I6CrEiNanXj7wwR3wIPT7V5wi5Y5pFnncS5SVHgQ=="
    }
  }
}
